// !$*UTF8*$!
{
	archiveVersion = 1;
	classes = {
	};
	objectVersion = 50;
	objects = {

/* Begin PBXBuildFile section */
		53FA8808234103D500F51EC3 /* AppDelegate.m in Sources */ = {isa = PBXBuildFile; fileRef = 53FA8807234103D500F51EC3 /* AppDelegate.m */; };
		53FA880B234103D500F51EC3 /* ViewController.m in Sources */ = {isa = PBXBuildFile; fileRef = 53FA880A234103D500F51EC3 /* ViewController.m */; };
		53FA880D234103D700F51EC3 /* Assets.xcassets in Resources */ = {isa = PBXBuildFile; fileRef = 53FA880C234103D700F51EC3 /* Assets.xcassets */; };
		53FA8810234103D700F51EC3 /* Main.storyboard in Resources */ = {isa = PBXBuildFile; fileRef = 53FA880E234103D700F51EC3 /* Main.storyboard */; };
		53FA8813234103D700F51EC3 /* main.m in Sources */ = {isa = PBXBuildFile; fileRef = 53FA8812234103D700F51EC3 /* main.m */; };
/* End PBXBuildFile section */

/* Begin PBXFileReference section */
		53FA8803234103D500F51EC3 /* .app */ = {isa = PBXFileReference; explicitFileType = wrapper.application; includeInIndex = 0; path = .app; sourceTree = BUILT_PRODUCTS_DIR; };
		53FA8806234103D500F51EC3 /* AppDelegate.h */ = {isa = PBXFileReference; lastKnownFileType = sourcecode.c.h; path = AppDelegate.h; sourceTree = "<group>"; };
		53FA8807234103D500F51EC3 /* AppDelegate.m */ = {isa = PBXFileReference; lastKnownFileType = sourcecode.c.objc; path = AppDelegate.m; sourceTree = "<group>"; };
		53FA8809234103D500F51EC3 /* ViewController.h */ = {isa = PBXFileReference; lastKnownFileType = sourcecode.c.h; path = ViewController.h; sourceTree = "<group>"; };
		53FA880A234103D500F51EC3 /* ViewController.m */ = {isa = PBXFileReference; lastKnownFileType = sourcecode.c.objc; path = ViewController.m; sourceTree = "<group>"; };
		53FA880C234103D700F51EC3 /* Assets.xcassets */ = {isa = PBXFileReference; lastKnownFileType = folder.assetcatalog; path = Assets.xcassets; sourceTree = "<group>"; };
		53FA880F234103D700F51EC3 /* Base */ = {isa = PBXFileReference; lastKnownFileType = file.storyboard; name = Base; path = Base.lproj/Main.storyboard; sourceTree = "<group>"; };
		53FA8811234103D700F51EC3 /* Info.plist */ = {isa = PBXFileReference; lastKnownFileType = text.plist.xml; path = Info.plist; sourceTree = "<group>"; };
		53FA8812234103D700F51EC3 /* main.m */ = {isa = PBXFileReference; lastKnownFileType = sourcecode.c.objc; path = main.m; sourceTree = "<group>"; };
		53FA8814234103D700F51EC3 /* MyTarget.entitlements */ = {isa = PBXFileReference; lastKnownFileType = text.plist.entitlements; path = MyTarget.entitlements; sourceTree = "<group>"; };
/* End PBXFileReference section */

/* Begin PBXFrameworksBuildPhase section */
		53FA8800234103D500F51EC3 /* Frameworks */ = {
			isa = PBXFrameworksBuildPhase;
			buildActionMask = 2147483647;
			files = (
			);
			runOnlyForDeploymentPostprocessing = 0;
		};
/* End PBXFrameworksBuildPhase section */

/* Begin PBXGroup section */
		53FA87FA234103D500F51EC3 = {
			isa = PBXGroup;
			children = (
				53FA8805234103D500F51EC3 /* MyTarget */,
				53FA8804234103D500F51EC3 /* Products */,
			);
			sourceTree = "<group>";
		};
		53FA8804234103D500F51EC3 /* Products */ = {
			isa = PBXGroup;
			children = (
				53FA8803234103D500F51EC3 /* .app */,
			);
			name = Products;
			sourceTree = "<group>";
		};
		53FA8805234103D500F51EC3 /* MyTarget */ = {
			isa = PBXGroup;
			children = (
				53FA8806234103D500F51EC3 /* AppDelegate.h */,
				53FA8807234103D500F51EC3 /* AppDelegate.m */,
				53FA8809234103D500F51EC3 /* ViewController.h */,
				53FA880A234103D500F51EC3 /* ViewController.m */,
				53FA880C234103D700F51EC3 /* Assets.xcassets */,
				53FA880E234103D700F51EC3 /* Main.storyboard */,
				53FA8811234103D700F51EC3 /* Info.plist */,
				53FA8812234103D700F51EC3 /* main.m */,
				53FA8814234103D700F51EC3 /* MyTarget.entitlements */,
			);
			path = MyTarget;
			sourceTree = "<group>";
		};
/* End PBXGroup section */

/* Begin PBXNativeTarget section */
		53FA8802234103D500F51EC3 /* MyTarget */ = {
			isa = PBXNativeTarget;
			buildConfigurationList = 53FA8817234103D700F51EC3 /* Build configuration list for PBXNativeTarget "MyTarget" */;
			buildPhases = (
				53FA87FF234103D500F51EC3 /* Sources */,
				53FA8800234103D500F51EC3 /* Frameworks */,
				53FA8801234103D500F51EC3 /* Resources */,
			);
			buildRules = (
			);
			dependencies = (
			);
			name = MyTarget;
			productName = MyTarget;
			productReference = 53FA8803234103D500F51EC3 /* .app */;
			productType = "com.apple.product-type.application";
		};
/* End PBXNativeTarget section */

/* Begin PBXProject section */
		53FA87FB234103D500F51EC3 /* Project object */ = {
			isa = PBXProject;
			attributes = {
				LastUpgradeCheck = 1100;
				ORGANIZATIONNAME = Test;
				TargetAttributes = {
					53FA8802234103D500F51EC3 = {
						CreatedOnToolsVersion = 11.0;
					};
				};
			};
			buildConfigurationList = 53FA87FE234103D500F51EC3 /* Build configuration list for PBXProject "MyTarget" */;
			compatibilityVersion = "Xcode 9.3";
			developmentRegion = en;
			hasScannedForEncodings = 0;
			knownRegions = (
				en,
				Base,
			);
			mainGroup = 53FA87FA234103D500F51EC3;
			productRefGroup = 53FA8804234103D500F51EC3 /* Products */;
			projectDirPath = "";
			projectRoot = "";
			targets = (
				53FA8802234103D500F51EC3 /* MyTarget */,
			);
		};
/* End PBXProject section */

/* Begin PBXResourcesBuildPhase section */
		53FA8801234103D500F51EC3 /* Resources */ = {
			isa = PBXResourcesBuildPhase;
			buildActionMask = 2147483647;
			files = (
				53FA880D234103D700F51EC3 /* Assets.xcassets in Resources */,
				53FA8810234103D700F51EC3 /* Main.storyboard in Resources */,
			);
			runOnlyForDeploymentPostprocessing = 0;
		};
/* End PBXResourcesBuildPhase section */

/* Begin PBXSourcesBuildPhase section */
		53FA87FF234103D500F51EC3 /* Sources */ = {
			isa = PBXSourcesBuildPhase;
			buildActionMask = 2147483647;
			files = (
				53FA880B234103D500F51EC3 /* ViewController.m in Sources */,
				53FA8813234103D700F51EC3 /* main.m in Sources */,
				53FA8808234103D500F51EC3 /* AppDelegate.m in Sources */,
			);
			runOnlyForDeploymentPostprocessing = 0;
		};
/* End PBXSourcesBuildPhase section */

/* Begin PBXVariantGroup section */
		53FA880E234103D700F51EC3 /* Main.storyboard */ = {
			isa = PBXVariantGroup;
			children = (
				53FA880F234103D700F51EC3 /* Base */,
			);
			name = Main.storyboard;
			sourceTree = "<group>";
		};
/* End PBXVariantGroup section */

/* Begin XCBuildConfiguration section */
		53FA8815234103D700F51EC3 /* Debug */ = {
			isa = XCBuildConfiguration;
			buildSettings = {
			};
			name = Debug;
		};
		53FA8816234103D700F51EC3 /* Release */ = {
			isa = XCBuildConfiguration;
			buildSettings = {
			};
			name = Release;
		};
		53FA8818234103D700F51EC3 /* Debug */ = {
			isa = XCBuildConfiguration;
			buildSettings = {
			};
			name = Debug;
		};
		53FA8819234103D700F51EC3 /* Release */ = {
			isa = XCBuildConfiguration;
			buildSettings = {
			};
			name = Release;
		};
/* End XCBuildConfiguration section */

/* Begin XCConfigurationList section */
		53FA87FE234103D500F51EC3 /* Build configuration list for PBXProject "MyTarget" */ = {
			isa = XCConfigurationList;
			buildConfigurations = (
				53FA8815234103D700F51EC3 /* Debug */,
				53FA8816234103D700F51EC3 /* Release */,
			);
			defaultConfigurationIsVisible = 0;
			defaultConfigurationName = Release;
		};
		53FA8817234103D700F51EC3 /* Build configuration list for PBXNativeTarget "MyTarget" */ = {
			isa = XCConfigurationList;
			buildConfigurations = (
				53FA8818234103D700F51EC3 /* Debug */,
				53FA8819234103D700F51EC3 /* Release */,
			);
			defaultConfigurationIsVisible = 0;
			defaultConfigurationName = Release;
		};
/* End XCConfigurationList section */
	};
	rootObject = 53FA87FB234103D500F51EC3 /* Project object */;
}
