// !$*UTF8*$!
{
	archiveVersion = 1;
	classes = {
	};
	objectVersion = 46;
	objects = {

/* Begin PBXBuildFile section */
		53719E9319BF4C6D005D3DE0 /* Cocoa.framework in Frameworks */ = {isa = PBXBuildFile; fileRef = 53719E9219BF4C6D005D3DE0 /* Cocoa.framework */; };
		53719E9D19BF4C6D005D3DE0 /* InfoPlist.strings in Resources */ = {isa = PBXBuildFile; fileRef = 53719E9B19BF4C6D005D3DE0 /* InfoPlist.strings */; };
		53719E9F19BF4C6D005D3DE0 /* main.m in Sources */ = {isa = PBXBuildFile; fileRef = 53719E9E19BF4C6D005D3DE0 /* main.m */; };
		53719EA619BF4C6D005D3DE0 /* AppDelegate.m in Sources */ = {isa = PBXBuildFile; fileRef = 53719EA519BF4C6D005D3DE0 /* AppDelegate.m */; };
		53719EA919BF4C6D005D3DE0 /* MainMenu.xib in Resources */ = {isa = PBXBuildFile; fileRef = 53719EA719BF4C6D005D3DE0 /* MainMenu.xib */; };
		53719EAB19BF4C6D005D3DE0 /* Images.xcassets in Resources */ = {isa = PBXBuildFile; fileRef = 53719EAA19BF4C6D005D3DE0 /* Images.xcassets */; };
		53719EB219BF4C6D005D3DE0 /* XCTest.framework in Frameworks */ = {isa = PBXBuildFile; fileRef = 53719EB119BF4C6D005D3DE0 /* XCTest.framework */; };
		53719EB319BF4C6D005D3DE0 /* Cocoa.framework in Frameworks */ = {isa = PBXBuildFile; fileRef = 53719E9219BF4C6D005D3DE0 /* Cocoa.framework */; };
		53719EBB19BF4C6D005D3DE0 /* InfoPlist.strings in Resources */ = {isa = PBXBuildFile; fileRef = 53719EB919BF4C6D005D3DE0 /* InfoPlist.strings */; };
		53719EBD19BF4C6D005D3DE0 /* BuildSettingExtractorTests.m in Sources */ = {isa = PBXBuildFile; fileRef = 53719EBC19BF4C6D005D3DE0 /* BuildSettingExtractorTests.m */; };
		538196C51A851BB40033CB65 /* BuildSettingInfoSubpaths.plist in Resources */ = {isa = PBXBuildFile; fileRef = 538196C41A851BB40033CB65 /* BuildSettingInfoSubpaths.plist */; };
		53F372ED1A7BC6A7006118CB /* DragFileView.m in Sources */ = {isa = PBXBuildFile; fileRef = 53F372EC1A7BC6A7006118CB /* DragFileView.m */; };
		53F372F41A7C0CBE006118CB /* ThreeBuildConfigs.plist in Resources */ = {isa = PBXBuildFile; fileRef = 53F372F31A7C0CBE006118CB /* ThreeBuildConfigs.plist */; };
		936DE9AB20A1360000141945 /* ExtractorKit.h in Headers */ = {isa = PBXBuildFile; fileRef = 936DE99B20A1360000141945 /* ExtractorKit.h */; settings = {ATTRIBUTES = (Public, ); }; };
		936DE9AE20A1360000141945 /* ExtractorKit.framework in Frameworks */ = {isa = PBXBuildFile; fileRef = 936DE99920A1360000141945 /* ExtractorKit.framework */; };
		936DE9AF20A1360000141945 /* ExtractorKit.framework in Embed Frameworks */ = {isa = PBXBuildFile; fileRef = 936DE99920A1360000141945 /* ExtractorKit.framework */; settings = {ATTRIBUTES = (CodeSignOnCopy, RemoveHeadersOnCopy, ); }; };
		936DE9B720A1505F00141945 /* Constants+Categories.m in Sources */ = {isa = PBXBuildFile; fileRef = 53F372FA1A7C5803006118CB /* Constants+Categories.m */; };
		936DE9B820A1505F00141945 /* BuildSettingInfoSource.m in Sources */ = {isa = PBXBuildFile; fileRef = 53BC11301A817447005E2FD2 /* BuildSettingInfoSource.m */; };
		936DE9B920A1505F00141945 /* BuildSettingExtractor.m in Sources */ = {isa = PBXBuildFile; fileRef = 53F372EF1A7C042F006118CB /* BuildSettingExtractor.m */; };
		936DE9BA20A1509400141945 /* BuildSettingExtractor.h in Headers */ = {isa = PBXBuildFile; fileRef = 53F372EE1A7C042F006118CB /* BuildSettingExtractor.h */; settings = {ATTRIBUTES = (Public, ); }; };
		936DE9BB20A1509400141945 /* BuildSettingInfoSource.h in Headers */ = {isa = PBXBuildFile; fileRef = 53BC112F1A817447005E2FD2 /* BuildSettingInfoSource.h */; settings = {ATTRIBUTES = (Public, ); }; };
		936DE9BC20A1509400141945 /* Constants+Categories.h in Headers */ = {isa = PBXBuildFile; fileRef = 53F372F91A7C5803006118CB /* Constants+Categories.h */; settings = {ATTRIBUTES = (Public, ); }; };
/* End PBXBuildFile section */

/* Begin PBXContainerItemProxy section */
		936DE9AC20A1360000141945 /* PBXContainerItemProxy */ = {
			isa = PBXContainerItemProxy;
			containerPortal = 53719E8719BF4C6D005D3DE0 /* Project object */;
			proxyType = 1;
			remoteGlobalIDString = 936DE99820A1360000141945;
			remoteInfo = ExtractorKit;
		};
		936DE9BD20A151A200141945 /* PBXContainerItemProxy */ = {
			isa = PBXContainerItemProxy;
			containerPortal = 53719E8719BF4C6D005D3DE0 /* Project object */;
			proxyType = 1;
			remoteGlobalIDString = 936DE99820A1360000141945;
			remoteInfo = ExtractorKit;
		};
/* End PBXContainerItemProxy section */

/* Begin PBXCopyFilesBuildPhase section */
		936DE9B520A1360000141945 /* Embed Frameworks */ = {
			isa = PBXCopyFilesBuildPhase;
			buildActionMask = 2147483647;
			dstPath = "";
			dstSubfolderSpec = 10;
			files = (
				936DE9AF20A1360000141945 /* ExtractorKit.framework in Embed Frameworks */,
			);
			name = "Embed Frameworks";
			runOnlyForDeploymentPostprocessing = 0;
		};
/* End PBXCopyFilesBuildPhase section */

/* Begin PBXFileReference section */
		53719E8F19BF4C6D005D3DE0 /* BuildSettingExtractor.app */ = {isa = PBXFileReference; explicitFileType = wrapper.application; includeInIndex = 0; path = BuildSettingExtractor.app; sourceTree = BUILT_PRODUCTS_DIR; };
		53719E9219BF4C6D005D3DE0 /* Cocoa.framework */ = {isa = PBXFileReference; lastKnownFileType = wrapper.framework; name = Cocoa.framework; path = System/Library/Frameworks/Cocoa.framework; sourceTree = SDKROOT; };
		53719E9519BF4C6D005D3DE0 /* AppKit.framework */ = {isa = PBXFileReference; lastKnownFileType = wrapper.framework; name = AppKit.framework; path = System/Library/Frameworks/AppKit.framework; sourceTree = SDKROOT; };
		53719E9619BF4C6D005D3DE0 /* CoreData.framework */ = {isa = PBXFileReference; lastKnownFileType = wrapper.framework; name = CoreData.framework; path = System/Library/Frameworks/CoreData.framework; sourceTree = SDKROOT; };
		53719E9719BF4C6D005D3DE0 /* Foundation.framework */ = {isa = PBXFileReference; lastKnownFileType = wrapper.framework; name = Foundation.framework; path = System/Library/Frameworks/Foundation.framework; sourceTree = SDKROOT; };
		53719E9A19BF4C6D005D3DE0 /* BuildSettingExtractor-Info.plist */ = {isa = PBXFileReference; lastKnownFileType = text.plist.xml; path = "BuildSettingExtractor-Info.plist"; sourceTree = "<group>"; };
		53719E9C19BF4C6D005D3DE0 /* en */ = {isa = PBXFileReference; lastKnownFileType = text.plist.strings; name = en; path = en.lproj/InfoPlist.strings; sourceTree = "<group>"; };
		53719E9E19BF4C6D005D3DE0 /* main.m */ = {isa = PBXFileReference; lastKnownFileType = sourcecode.c.objc; path = main.m; sourceTree = "<group>"; };
		53719EA019BF4C6D005D3DE0 /* BuildSettingExtractor-Prefix.pch */ = {isa = PBXFileReference; lastKnownFileType = sourcecode.c.h; path = "BuildSettingExtractor-Prefix.pch"; sourceTree = "<group>"; };
		53719EA419BF4C6D005D3DE0 /* AppDelegate.h */ = {isa = PBXFileReference; lastKnownFileType = sourcecode.c.h; path = AppDelegate.h; sourceTree = "<group>"; };
		53719EA519BF4C6D005D3DE0 /* AppDelegate.m */ = {isa = PBXFileReference; lastKnownFileType = sourcecode.c.objc; path = AppDelegate.m; sourceTree = "<group>"; };
		53719EA819BF4C6D005D3DE0 /* Base */ = {isa = PBXFileReference; lastKnownFileType = file.xib; name = Base; path = Base.lproj/MainMenu.xib; sourceTree = "<group>"; };
		53719EAA19BF4C6D005D3DE0 /* Images.xcassets */ = {isa = PBXFileReference; lastKnownFileType = folder.assetcatalog; path = Images.xcassets; sourceTree = "<group>"; };
		53719EB019BF4C6D005D3DE0 /* BuildSettingExtractorTests.xctest */ = {isa = PBXFileReference; explicitFileType = wrapper.cfbundle; includeInIndex = 0; path = BuildSettingExtractorTests.xctest; sourceTree = BUILT_PRODUCTS_DIR; };
		53719EB119BF4C6D005D3DE0 /* XCTest.framework */ = {isa = PBXFileReference; lastKnownFileType = wrapper.framework; name = XCTest.framework; path = Library/Frameworks/XCTest.framework; sourceTree = DEVELOPER_DIR; };
		53719EB819BF4C6D005D3DE0 /* BuildSettingExtractorTests-Info.plist */ = {isa = PBXFileReference; lastKnownFileType = text.plist.xml; path = "BuildSettingExtractorTests-Info.plist"; sourceTree = "<group>"; };
		53719EBA19BF4C6D005D3DE0 /* en */ = {isa = PBXFileReference; lastKnownFileType = text.plist.strings; name = en; path = en.lproj/InfoPlist.strings; sourceTree = "<group>"; };
		53719EBC19BF4C6D005D3DE0 /* BuildSettingExtractorTests.m */ = {isa = PBXFileReference; lastKnownFileType = sourcecode.c.objc; path = BuildSettingExtractorTests.m; sourceTree = "<group>"; };
		538196C41A851BB40033CB65 /* BuildSettingInfoSubpaths.plist */ = {isa = PBXFileReference; fileEncoding = 4; lastKnownFileType = text.plist.xml; path = BuildSettingInfoSubpaths.plist; sourceTree = "<group>"; };
		5395AF4D1A7C6BB60028BE88 /* ReadMe.md */ = {isa = PBXFileReference; lastKnownFileType = net.daringfireball.markdown; path = ReadMe.md; sourceTree = "<group>"; };
		53BC112F1A817447005E2FD2 /* BuildSettingInfoSource.h */ = {isa = PBXFileReference; fileEncoding = 4; lastKnownFileType = sourcecode.c.h; path = BuildSettingInfoSource.h; sourceTree = "<group>"; };
		53BC11301A817447005E2FD2 /* BuildSettingInfoSource.m */ = {isa = PBXFileReference; fileEncoding = 4; lastKnownFileType = sourcecode.c.objc; path = BuildSettingInfoSource.m; sourceTree = "<group>"; };
		53F372EB1A7BC6A7006118CB /* DragFileView.h */ = {isa = PBXFileReference; fileEncoding = 4; lastKnownFileType = sourcecode.c.h; path = DragFileView.h; sourceTree = "<group>"; };
		53F372EC1A7BC6A7006118CB /* DragFileView.m */ = {isa = PBXFileReference; fileEncoding = 4; lastKnownFileType = sourcecode.c.objc; path = DragFileView.m; sourceTree = "<group>"; };
		53F372EE1A7C042F006118CB /* BuildSettingExtractor.h */ = {isa = PBXFileReference; fileEncoding = 4; lastKnownFileType = sourcecode.c.h; path = BuildSettingExtractor.h; sourceTree = "<group>"; };
		53F372EF1A7C042F006118CB /* BuildSettingExtractor.m */ = {isa = PBXFileReference; fileEncoding = 4; lastKnownFileType = sourcecode.c.objc; path = BuildSettingExtractor.m; sourceTree = "<group>"; };
		53F372F31A7C0CBE006118CB /* ThreeBuildConfigs.plist */ = {isa = PBXFileReference; lastKnownFileType = text.plist; path = ThreeBuildConfigs.plist; sourceTree = "<group>"; };
		53F372F91A7C5803006118CB /* Constants+Categories.h */ = {isa = PBXFileReference; fileEncoding = 4; lastKnownFileType = sourcecode.c.h; path = "Constants+Categories.h"; sourceTree = "<group>"; };
		53F372FA1A7C5803006118CB /* Constants+Categories.m */ = {isa = PBXFileReference; fileEncoding = 4; lastKnownFileType = sourcecode.c.objc; path = "Constants+Categories.m"; sourceTree = "<group>"; };
		936DE99920A1360000141945 /* ExtractorKit.framework */ = {isa = PBXFileReference; explicitFileType = wrapper.framework; includeInIndex = 0; path = ExtractorKit.framework; sourceTree = BUILT_PRODUCTS_DIR; };
		936DE99B20A1360000141945 /* ExtractorKit.h */ = {isa = PBXFileReference; lastKnownFileType = sourcecode.c.h; path = ExtractorKit.h; sourceTree = "<group>"; };
		936DE99C20A1360000141945 /* Info.plist */ = {isa = PBXFileReference; lastKnownFileType = text.plist.xml; path = Info.plist; sourceTree = "<group>"; };
		936DE9A820A1360000141945 /* ExtractorKitTests.m */ = {isa = PBXFileReference; lastKnownFileType = sourcecode.c.objc; path = ExtractorKitTests.m; sourceTree = "<group>"; };
		936DE9AA20A1360000141945 /* Info.plist */ = {isa = PBXFileReference; lastKnownFileType = text.plist.xml; path = Info.plist; sourceTree = "<group>"; };
/* End PBXFileReference section */

/* Begin PBXFrameworksBuildPhase section */
		53719E8C19BF4C6D005D3DE0 /* Frameworks */ = {
			isa = PBXFrameworksBuildPhase;
			buildActionMask = 2147483647;
			files = (
				936DE9AE20A1360000141945 /* ExtractorKit.framework in Frameworks */,
				53719E9319BF4C6D005D3DE0 /* Cocoa.framework in Frameworks */,
			);
			runOnlyForDeploymentPostprocessing = 0;
		};
		53719EAD19BF4C6D005D3DE0 /* Frameworks */ = {
			isa = PBXFrameworksBuildPhase;
			buildActionMask = 2147483647;
			files = (
				53719EB319BF4C6D005D3DE0 /* Cocoa.framework in Frameworks */,
				53719EB219BF4C6D005D3DE0 /* XCTest.framework in Frameworks */,
			);
			runOnlyForDeploymentPostprocessing = 0;
		};
		936DE99520A1360000141945 /* Frameworks */ = {
			isa = PBXFrameworksBuildPhase;
			buildActionMask = 2147483647;
			files = (
			);
			runOnlyForDeploymentPostprocessing = 0;
		};
/* End PBXFrameworksBuildPhase section */

/* Begin PBXGroup section */
		53719E8619BF4C6D005D3DE0 = {
			isa = PBXGroup;
			children = (
				53719E9819BF4C6D005D3DE0 /* BuildSettingExtractor */,
				53719EB619BF4C6D005D3DE0 /* BuildSettingExtractorTests */,
				936DE99A20A1360000141945 /* ExtractorKit */,
				936DE9A720A1360000141945 /* ExtractorKitTests */,
				53719E9119BF4C6D005D3DE0 /* Frameworks */,
				53719E9019BF4C6D005D3DE0 /* Products */,
				5395AF4D1A7C6BB60028BE88 /* ReadMe.md */,
			);
			sourceTree = "<group>";
		};
		53719E9019BF4C6D005D3DE0 /* Products */ = {
			isa = PBXGroup;
			children = (
				53719E8F19BF4C6D005D3DE0 /* BuildSettingExtractor.app */,
				53719EB019BF4C6D005D3DE0 /* BuildSettingExtractorTests.xctest */,
				936DE99920A1360000141945 /* ExtractorKit.framework */,
			);
			name = Products;
			sourceTree = "<group>";
		};
		53719E9119BF4C6D005D3DE0 /* Frameworks */ = {
			isa = PBXGroup;
			children = (
				53719E9219BF4C6D005D3DE0 /* Cocoa.framework */,
				53719EB119BF4C6D005D3DE0 /* XCTest.framework */,
				53719E9419BF4C6D005D3DE0 /* Other Frameworks */,
			);
			name = Frameworks;
			sourceTree = "<group>";
		};
		53719E9419BF4C6D005D3DE0 /* Other Frameworks */ = {
			isa = PBXGroup;
			children = (
				53719E9519BF4C6D005D3DE0 /* AppKit.framework */,
				53719E9619BF4C6D005D3DE0 /* CoreData.framework */,
				53719E9719BF4C6D005D3DE0 /* Foundation.framework */,
			);
			name = "Other Frameworks";
			sourceTree = "<group>";
		};
		53719E9819BF4C6D005D3DE0 /* BuildSettingExtractor */ = {
			isa = PBXGroup;
			children = (
				53719EA419BF4C6D005D3DE0 /* AppDelegate.h */,
				53719EA519BF4C6D005D3DE0 /* AppDelegate.m */,
				53F372EB1A7BC6A7006118CB /* DragFileView.h */,
				53F372EC1A7BC6A7006118CB /* DragFileView.m */,
				53719EA719BF4C6D005D3DE0 /* MainMenu.xib */,
				53719EAA19BF4C6D005D3DE0 /* Images.xcassets */,
				538196C41A851BB40033CB65 /* BuildSettingInfoSubpaths.plist */,
				53719E9919BF4C6D005D3DE0 /* Supporting Files */,
			);
			path = BuildSettingExtractor;
			sourceTree = "<group>";
		};
		53719E9919BF4C6D005D3DE0 /* Supporting Files */ = {
			isa = PBXGroup;
			children = (
				53719E9A19BF4C6D005D3DE0 /* BuildSettingExtractor-Info.plist */,
				53719E9B19BF4C6D005D3DE0 /* InfoPlist.strings */,
				53719E9E19BF4C6D005D3DE0 /* main.m */,
				53719EA019BF4C6D005D3DE0 /* BuildSettingExtractor-Prefix.pch */,
			);
			name = "Supporting Files";
			sourceTree = "<group>";
		};
		53719EB619BF4C6D005D3DE0 /* BuildSettingExtractorTests */ = {
			isa = PBXGroup;
			children = (
				53719EBC19BF4C6D005D3DE0 /* BuildSettingExtractorTests.m */,
				53F372F61A7C3164006118CB /* TestFiles */,
				53719EB719BF4C6D005D3DE0 /* Supporting Files */,
			);
			path = BuildSettingExtractorTests;
			sourceTree = "<group>";
		};
		53719EB719BF4C6D005D3DE0 /* Supporting Files */ = {
			isa = PBXGroup;
			children = (
				53719EB819BF4C6D005D3DE0 /* BuildSettingExtractorTests-Info.plist */,
				53719EB919BF4C6D005D3DE0 /* InfoPlist.strings */,
			);
			name = "Supporting Files";
			sourceTree = "<group>";
		};
		53F372F61A7C3164006118CB /* TestFiles */ = {
			isa = PBXGroup;
			children = (
				53F372F31A7C0CBE006118CB /* ThreeBuildConfigs.plist */,
			);
			path = TestFiles;
			sourceTree = "<group>";
		};
		936DE99A20A1360000141945 /* ExtractorKit */ = {
			isa = PBXGroup;
			children = (
				936DE99B20A1360000141945 /* ExtractorKit.h */,
				53F372EE1A7C042F006118CB /* BuildSettingExtractor.h */,
				53F372EF1A7C042F006118CB /* BuildSettingExtractor.m */,
				53BC112F1A817447005E2FD2 /* BuildSettingInfoSource.h */,
				53BC11301A817447005E2FD2 /* BuildSettingInfoSource.m */,
				53F372F91A7C5803006118CB /* Constants+Categories.h */,
				53F372FA1A7C5803006118CB /* Constants+Categories.m */,
				936DE99C20A1360000141945 /* Info.plist */,
			);
			path = ExtractorKit;
			sourceTree = "<group>";
		};
		936DE9A720A1360000141945 /* ExtractorKitTests */ = {
			isa = PBXGroup;
			children = (
				936DE9A820A1360000141945 /* ExtractorKitTests.m */,
				936DE9AA20A1360000141945 /* Info.plist */,
			);
			path = ExtractorKitTests;
			sourceTree = "<group>";
		};
/* End PBXGroup section */

/* Begin PBXHeadersBuildPhase section */
		936DE99620A1360000141945 /* Headers */ = {
			isa = PBXHeadersBuildPhase;
			buildActionMask = 2147483647;
			files = (
				936DE9BB20A1509400141945 /* BuildSettingInfoSource.h in Headers */,
				936DE9AB20A1360000141945 /* ExtractorKit.h in Headers */,
				936DE9BC20A1509400141945 /* Constants+Categories.h in Headers */,
				936DE9BA20A1509400141945 /* BuildSettingExtractor.h in Headers */,
			);
			runOnlyForDeploymentPostprocessing = 0;
		};
/* End PBXHeadersBuildPhase section */

/* Begin PBXNativeTarget section */
		53719E8E19BF4C6D005D3DE0 /* BuildSettingExtractor */ = {
			isa = PBXNativeTarget;
			buildConfigurationList = 53719EC019BF4C6D005D3DE0 /* Build configuration list for PBXNativeTarget "BuildSettingExtractor" */;
			buildPhases = (
				53719E8B19BF4C6D005D3DE0 /* Sources */,
				53719E8C19BF4C6D005D3DE0 /* Frameworks */,
				53719E8D19BF4C6D005D3DE0 /* Resources */,
				936DE9B520A1360000141945 /* Embed Frameworks */,
			);
			buildRules = (
			);
			dependencies = (
				936DE9AD20A1360000141945 /* PBXTargetDependency */,
			);
			name = BuildSettingExtractor;
			productName = BuildSettingExtractor;
			productReference = 53719E8F19BF4C6D005D3DE0 /* BuildSettingExtractor.app */;
			productType = "com.apple.product-type.application";
		};
		53719EAF19BF4C6D005D3DE0 /* BuildSettingExtractorTests */ = {
			isa = PBXNativeTarget;
			buildConfigurationList = 53719EC319BF4C6D005D3DE0 /* Build configuration list for PBXNativeTarget "BuildSettingExtractorTests" */;
			buildPhases = (
				53719EAC19BF4C6D005D3DE0 /* Sources */,
				53719EAD19BF4C6D005D3DE0 /* Frameworks */,
				53719EAE19BF4C6D005D3DE0 /* Resources */,
			);
			buildRules = (
			);
			dependencies = (
				936DE9BE20A151A200141945 /* PBXTargetDependency */,
			);
			name = BuildSettingExtractorTests;
			productName = BuildSettingExtractorTests;
			productReference = 53719EB019BF4C6D005D3DE0 /* BuildSettingExtractorTests.xctest */;
			productType = "com.apple.product-type.bundle.unit-test";
		};
		936DE99820A1360000141945 /* ExtractorKit */ = {
			isa = PBXNativeTarget;
			buildConfigurationList = 936DE9B420A1360000141945 /* Build configuration list for PBXNativeTarget "ExtractorKit" */;
			buildPhases = (
				936DE99420A1360000141945 /* Sources */,
				936DE99520A1360000141945 /* Frameworks */,
				936DE99620A1360000141945 /* Headers */,
				936DE99720A1360000141945 /* Resources */,
			);
			buildRules = (
			);
			dependencies = (
			);
			name = ExtractorKit;
			productName = ExtractorKit;
			productReference = 936DE99920A1360000141945 /* ExtractorKit.framework */;
			productType = "com.apple.product-type.framework";
		};
/* End PBXNativeTarget section */

/* Begin PBXProject section */
		53719E8719BF4C6D005D3DE0 /* Project object */ = {
			isa = PBXProject;
			attributes = {
				LastUpgradeCheck = 0900;
				ORGANIZATIONNAME = "Tapas Software";
				TargetAttributes = {
					936DE99820A1360000141945 = {
						CreatedOnToolsVersion = 9.3;
						ProvisioningStyle = Automatic;
					};
				};
			};
			buildConfigurationList = 53719E8A19BF4C6D005D3DE0 /* Build configuration list for PBXProject "BuildSettingExtractor" */;
			compatibilityVersion = "Xcode 3.2";
			developmentRegion = English;
			hasScannedForEncodings = 0;
			knownRegions = (
				en,
				Base,
			);
			mainGroup = 53719E8619BF4C6D005D3DE0;
			productRefGroup = 53719E9019BF4C6D005D3DE0 /* Products */;
			projectDirPath = "";
			projectRoot = "";
			targets = (
				53719E8E19BF4C6D005D3DE0 /* BuildSettingExtractor */,
				53719EAF19BF4C6D005D3DE0 /* BuildSettingExtractorTests */,
				936DE99820A1360000141945 /* ExtractorKit */,
			);
		};
/* End PBXProject section */

/* Begin PBXResourcesBuildPhase section */
		53719E8D19BF4C6D005D3DE0 /* Resources */ = {
			isa = PBXResourcesBuildPhase;
			buildActionMask = 2147483647;
			files = (
				53719E9D19BF4C6D005D3DE0 /* InfoPlist.strings in Resources */,
				538196C51A851BB40033CB65 /* BuildSettingInfoSubpaths.plist in Resources */,
				53719EAB19BF4C6D005D3DE0 /* Images.xcassets in Resources */,
				53719EA919BF4C6D005D3DE0 /* MainMenu.xib in Resources */,
			);
			runOnlyForDeploymentPostprocessing = 0;
		};
		53719EAE19BF4C6D005D3DE0 /* Resources */ = {
			isa = PBXResourcesBuildPhase;
			buildActionMask = 2147483647;
			files = (
				53F372F41A7C0CBE006118CB /* ThreeBuildConfigs.plist in Resources */,
				53719EBB19BF4C6D005D3DE0 /* InfoPlist.strings in Resources */,
			);
			runOnlyForDeploymentPostprocessing = 0;
		};
		936DE99720A1360000141945 /* Resources */ = {
			isa = PBXResourcesBuildPhase;
			buildActionMask = 2147483647;
			files = (
			);
			runOnlyForDeploymentPostprocessing = 0;
		};
/* End PBXResourcesBuildPhase section */

/* Begin PBXSourcesBuildPhase section */
		53719E8B19BF4C6D005D3DE0 /* Sources */ = {
			isa = PBXSourcesBuildPhase;
			buildActionMask = 2147483647;
			files = (
				53719EA619BF4C6D005D3DE0 /* AppDelegate.m in Sources */,
				53F372ED1A7BC6A7006118CB /* DragFileView.m in Sources */,
				53719E9F19BF4C6D005D3DE0 /* main.m in Sources */,
			);
			runOnlyForDeploymentPostprocessing = 0;
		};
		53719EAC19BF4C6D005D3DE0 /* Sources */ = {
			isa = PBXSourcesBuildPhase;
			buildActionMask = 2147483647;
			files = (
				53719EBD19BF4C6D005D3DE0 /* BuildSettingExtractorTests.m in Sources */,
			);
			runOnlyForDeploymentPostprocessing = 0;
		};
		936DE99420A1360000141945 /* Sources */ = {
			isa = PBXSourcesBuildPhase;
			buildActionMask = 2147483647;
			files = (
				936DE9B920A1505F00141945 /* BuildSettingExtractor.m in Sources */,
				936DE9B820A1505F00141945 /* BuildSettingInfoSource.m in Sources */,
				936DE9B720A1505F00141945 /* Constants+Categories.m in Sources */,
			);
			runOnlyForDeploymentPostprocessing = 0;
		};
/* End PBXSourcesBuildPhase section */

/* Begin PBXTargetDependency section */
		936DE9AD20A1360000141945 /* PBXTargetDependency */ = {
			isa = PBXTargetDependency;
			target = 936DE99820A1360000141945 /* ExtractorKit */;
			targetProxy = 936DE9AC20A1360000141945 /* PBXContainerItemProxy */;
		};
		936DE9BE20A151A200141945 /* PBXTargetDependency */ = {
			isa = PBXTargetDependency;
			target = 936DE99820A1360000141945 /* ExtractorKit */;
			targetProxy = 936DE9BD20A151A200141945 /* PBXContainerItemProxy */;
		};
/* End PBXTargetDependency section */

/* Begin PBXVariantGroup section */
		53719E9B19BF4C6D005D3DE0 /* InfoPlist.strings */ = {
			isa = PBXVariantGroup;
			children = (
				53719E9C19BF4C6D005D3DE0 /* en */,
			);
			name = InfoPlist.strings;
			sourceTree = "<group>";
		};
		53719EA719BF4C6D005D3DE0 /* MainMenu.xib */ = {
			isa = PBXVariantGroup;
			children = (
				53719EA819BF4C6D005D3DE0 /* Base */,
			);
			name = MainMenu.xib;
			sourceTree = "<group>";
		};
		53719EB919BF4C6D005D3DE0 /* InfoPlist.strings */ = {
			isa = PBXVariantGroup;
			children = (
				53719EBA19BF4C6D005D3DE0 /* en */,
			);
			name = InfoPlist.strings;
			sourceTree = "<group>";
		};
/* End PBXVariantGroup section */

/* Begin XCBuildConfiguration section */
		53719EBE19BF4C6D005D3DE0 /* Debug */ = {
			isa = XCBuildConfiguration;
			buildSettings = {
				ALWAYS_SEARCH_USER_PATHS = NO;
				CLANG_CXX_LANGUAGE_STANDARD = "gnu++0x";
				CLANG_CXX_LIBRARY = "libc++";
				CLANG_ENABLE_MODULES = YES;
				CLANG_ENABLE_OBJC_ARC = YES;
				CLANG_WARN_BLOCK_CAPTURE_AUTORELEASING = YES;
				CLANG_WARN_BOOL_CONVERSION = YES;
				CLANG_WARN_COMMA = YES;
				CLANG_WARN_CONSTANT_CONVERSION = YES;
				CLANG_WARN_DIRECT_OBJC_ISA_USAGE = YES_ERROR;
				CLANG_WARN_EMPTY_BODY = YES;
				CLANG_WARN_ENUM_CONVERSION = YES;
				CLANG_WARN_INFINITE_RECURSION = YES;
				CLANG_WARN_INT_CONVERSION = YES;
				CLANG_WARN_NON_LITERAL_NULL_CONVERSION = YES;
				CLANG_WARN_OBJC_LITERAL_CONVERSION = YES;
				CLANG_WARN_OBJC_ROOT_CLASS = YES_ERROR;
				CLANG_WARN_RANGE_LOOP_ANALYSIS = YES;
				CLANG_WARN_STRICT_PROTOTYPES = YES;
				CLANG_WARN_SUSPICIOUS_MOVE = YES;
				CLANG_WARN_UNREACHABLE_CODE = YES;
				CLANG_WARN__DUPLICATE_METHOD_MATCH = YES;
				COPY_PHASE_STRIP = NO;
				ENABLE_STRICT_OBJC_MSGSEND = YES;
				ENABLE_TESTABILITY = YES;
				GCC_C_LANGUAGE_STANDARD = gnu99;
				GCC_DYNAMIC_NO_PIC = NO;
				GCC_ENABLE_OBJC_EXCEPTIONS = YES;
				GCC_NO_COMMON_BLOCKS = YES;
				GCC_OPTIMIZATION_LEVEL = 0;
				GCC_PREPROCESSOR_DEFINITIONS = (
					"DEBUG=1",
					"$(inherited)",
				);
				GCC_SYMBOLS_PRIVATE_EXTERN = NO;
				GCC_WARN_64_TO_32_BIT_CONVERSION = YES;
				GCC_WARN_ABOUT_RETURN_TYPE = YES_ERROR;
				GCC_WARN_UNDECLARED_SELECTOR = YES;
				GCC_WARN_UNINITIALIZED_AUTOS = YES_AGGRESSIVE;
				GCC_WARN_UNUSED_FUNCTION = YES;
				GCC_WARN_UNUSED_VARIABLE = YES;
				MACOSX_DEPLOYMENT_TARGET = 10.9;
				ONLY_ACTIVE_ARCH = YES;
				SDKROOT = macosx;
			};
			name = Debug;
		};
		53719EBF19BF4C6D005D3DE0 /* Release */ = {
			isa = XCBuildConfiguration;
			buildSettings = {
				ALWAYS_SEARCH_USER_PATHS = NO;
				CLANG_CXX_LANGUAGE_STANDARD = "gnu++0x";
				CLANG_CXX_LIBRARY = "libc++";
				CLANG_ENABLE_MODULES = YES;
				CLANG_ENABLE_OBJC_ARC = YES;
				CLANG_WARN_BLOCK_CAPTURE_AUTORELEASING = YES;
				CLANG_WARN_BOOL_CONVERSION = YES;
				CLANG_WARN_COMMA = YES;
				CLANG_WARN_CONSTANT_CONVERSION = YES;
				CLANG_WARN_DIRECT_OBJC_ISA_USAGE = YES_ERROR;
				CLANG_WARN_EMPTY_BODY = YES;
				CLANG_WARN_ENUM_CONVERSION = YES;
				CLANG_WARN_INFINITE_RECURSION = YES;
				CLANG_WARN_INT_CONVERSION = YES;
				CLANG_WARN_NON_LITERAL_NULL_CONVERSION = YES;
				CLANG_WARN_OBJC_LITERAL_CONVERSION = YES;
				CLANG_WARN_OBJC_ROOT_CLASS = YES_ERROR;
				CLANG_WARN_RANGE_LOOP_ANALYSIS = YES;
				CLANG_WARN_STRICT_PROTOTYPES = YES;
				CLANG_WARN_SUSPICIOUS_MOVE = YES;
				CLANG_WARN_UNREACHABLE_CODE = YES;
				CLANG_WARN__DUPLICATE_METHOD_MATCH = YES;
				COPY_PHASE_STRIP = YES;
				DEBUG_INFORMATION_FORMAT = "dwarf-with-dsym";
				ENABLE_NS_ASSERTIONS = NO;
				ENABLE_STRICT_OBJC_MSGSEND = YES;
				GCC_C_LANGUAGE_STANDARD = gnu99;
				GCC_ENABLE_OBJC_EXCEPTIONS = YES;
				GCC_NO_COMMON_BLOCKS = YES;
				GCC_WARN_64_TO_32_BIT_CONVERSION = YES;
				GCC_WARN_ABOUT_RETURN_TYPE = YES_ERROR;
				GCC_WARN_UNDECLARED_SELECTOR = YES;
				GCC_WARN_UNINITIALIZED_AUTOS = YES_AGGRESSIVE;
				GCC_WARN_UNUSED_FUNCTION = YES;
				GCC_WARN_UNUSED_VARIABLE = YES;
				MACOSX_DEPLOYMENT_TARGET = 10.9;
				SDKROOT = macosx;
			};
			name = Release;
		};
		53719EC119BF4C6D005D3DE0 /* Debug */ = {
			isa = XCBuildConfiguration;
			buildSettings = {
				ASSETCATALOG_COMPILER_APPICON_NAME = AppIcon;
				CODE_SIGN_IDENTITY = "-";
				COMBINE_HIDPI_IMAGES = YES;
				GCC_PRECOMPILE_PREFIX_HEADER = YES;
				GCC_PREFIX_HEADER = "BuildSettingExtractor/BuildSettingExtractor-Prefix.pch";
				INFOPLIST_FILE = "BuildSettingExtractor/BuildSettingExtractor-Info.plist";
				LD_RUNPATH_SEARCH_PATHS = "$(inherited) @executable_path/../Frameworks";
				PRODUCT_BUNDLE_IDENTIFIER = "net.tapas-software.${PRODUCT_NAME:rfc1034identifier}";
				PRODUCT_NAME = "$(TARGET_NAME)";
				WRAPPER_EXTENSION = app;
			};
			name = Debug;
		};
		53719EC219BF4C6D005D3DE0 /* Release */ = {
			isa = XCBuildConfiguration;
			buildSettings = {
				ASSETCATALOG_COMPILER_APPICON_NAME = AppIcon;
				CODE_SIGN_IDENTITY = "-";
				COMBINE_HIDPI_IMAGES = YES;
				GCC_PRECOMPILE_PREFIX_HEADER = YES;
				GCC_PREFIX_HEADER = "BuildSettingExtractor/BuildSettingExtractor-Prefix.pch";
				INFOPLIST_FILE = "BuildSettingExtractor/BuildSettingExtractor-Info.plist";
				LD_RUNPATH_SEARCH_PATHS = "$(inherited) @executable_path/../Frameworks";
				PRODUCT_BUNDLE_IDENTIFIER = "net.tapas-software.${PRODUCT_NAME:rfc1034identifier}";
				PRODUCT_NAME = "$(TARGET_NAME)";
				WRAPPER_EXTENSION = app;
			};
			name = Release;
		};
		53719EC419BF4C6D005D3DE0 /* Debug */ = {
			isa = XCBuildConfiguration;
			buildSettings = {
				COMBINE_HIDPI_IMAGES = YES;
				FRAMEWORK_SEARCH_PATHS = (
					"$(DEVELOPER_FRAMEWORKS_DIR)",
					"$(inherited)",
				);
				GCC_PRECOMPILE_PREFIX_HEADER = YES;
				GCC_PREFIX_HEADER = "BuildSettingExtractor/BuildSettingExtractor-Prefix.pch";
				GCC_PREPROCESSOR_DEFINITIONS = (
					"DEBUG=1",
					"$(inherited)",
				);
				INFOPLIST_FILE = "BuildSettingExtractorTests/BuildSettingExtractorTests-Info.plist";
				PRODUCT_BUNDLE_IDENTIFIER = "net.tapas-software.${PRODUCT_NAME:rfc1034identifier}";
				PRODUCT_NAME = "$(TARGET_NAME)";
				WRAPPER_EXTENSION = xctest;
			};
			name = Debug;
		};
		53719EC519BF4C6D005D3DE0 /* Release */ = {
			isa = XCBuildConfiguration;
			buildSettings = {
				COMBINE_HIDPI_IMAGES = YES;
				FRAMEWORK_SEARCH_PATHS = (
					"$(DEVELOPER_FRAMEWORKS_DIR)",
					"$(inherited)",
				);
				GCC_PRECOMPILE_PREFIX_HEADER = YES;
				GCC_PREFIX_HEADER = "BuildSettingExtractor/BuildSettingExtractor-Prefix.pch";
				INFOPLIST_FILE = "BuildSettingExtractorTests/BuildSettingExtractorTests-Info.plist";
				PRODUCT_BUNDLE_IDENTIFIER = "net.tapas-software.${PRODUCT_NAME:rfc1034identifier}";
				PRODUCT_NAME = "$(TARGET_NAME)";
				WRAPPER_EXTENSION = xctest;
			};
			name = Release;
		};
		936DE9B020A1360000141945 /* Debug */ = {
			isa = XCBuildConfiguration;
			buildSettings = {
				CLANG_ANALYZER_NONNULL = YES;
				CLANG_ANALYZER_NUMBER_OBJECT_CONVERSION = YES_AGGRESSIVE;
				CLANG_CXX_LANGUAGE_STANDARD = "gnu++14";
				CLANG_ENABLE_OBJC_WEAK = YES;
				CLANG_WARN_DEPRECATED_OBJC_IMPLEMENTATIONS = YES;
				CLANG_WARN_DOCUMENTATION_COMMENTS = YES;
				CLANG_WARN_OBJC_IMPLICIT_RETAIN_SELF = YES;
				CLANG_WARN_UNGUARDED_AVAILABILITY = YES_AGGRESSIVE;
				CODE_SIGN_IDENTITY = "-";
				CODE_SIGN_STYLE = Automatic;
				COMBINE_HIDPI_IMAGES = YES;
				CURRENT_PROJECT_VERSION = 1;
				DEBUG_INFORMATION_FORMAT = dwarf;
				DEFINES_MODULE = YES;
				DYLIB_COMPATIBILITY_VERSION = 1;
				DYLIB_CURRENT_VERSION = 1;
				DYLIB_INSTALL_NAME_BASE = "@rpath";
				FRAMEWORK_VERSION = A;
				GCC_C_LANGUAGE_STANDARD = gnu11;
				INFOPLIST_FILE = ExtractorKit/Info.plist;
				INSTALL_PATH = "$(LOCAL_LIBRARY_DIR)/Frameworks";
				LD_RUNPATH_SEARCH_PATHS = "$(inherited) @executable_path/../Frameworks @loader_path/Frameworks";
				MACOSX_DEPLOYMENT_TARGET = 10.13;
				MTL_ENABLE_DEBUG_INFO = YES;
				PRODUCT_BUNDLE_IDENTIFIER = io.taphouse.ExtractorKit;
				PRODUCT_NAME = "$(TARGET_NAME:c99extidentifier)";
				SKIP_INSTALL = YES;
				VERSIONING_SYSTEM = "apple-generic";
				VERSION_INFO_PREFIX = "";
			};
			name = Debug;
		};
		936DE9B120A1360000141945 /* Release */ = {
			isa = XCBuildConfiguration;
			buildSettings = {
				CLANG_ANALYZER_NONNULL = YES;
				CLANG_ANALYZER_NUMBER_OBJECT_CONVERSION = YES_AGGRESSIVE;
				CLANG_CXX_LANGUAGE_STANDARD = "gnu++14";
				CLANG_ENABLE_OBJC_WEAK = YES;
				CLANG_WARN_DEPRECATED_OBJC_IMPLEMENTATIONS = YES;
				CLANG_WARN_DOCUMENTATION_COMMENTS = YES;
				CLANG_WARN_OBJC_IMPLICIT_RETAIN_SELF = YES;
				CLANG_WARN_UNGUARDED_AVAILABILITY = YES_AGGRESSIVE;
				CODE_SIGN_IDENTITY = "-";
				CODE_SIGN_STYLE = Automatic;
				COMBINE_HIDPI_IMAGES = YES;
				COPY_PHASE_STRIP = NO;
				CURRENT_PROJECT_VERSION = 1;
				DEFINES_MODULE = YES;
				DYLIB_COMPATIBILITY_VERSION = 1;
				DYLIB_CURRENT_VERSION = 1;
				DYLIB_INSTALL_NAME_BASE = "@rpath";
				FRAMEWORK_VERSION = A;
				GCC_C_LANGUAGE_STANDARD = gnu11;
				INFOPLIST_FILE = ExtractorKit/Info.plist;
				INSTALL_PATH = "$(LOCAL_LIBRARY_DIR)/Frameworks";
				LD_RUNPATH_SEARCH_PATHS = "$(inherited) @executable_path/../Frameworks @loader_path/Frameworks";
				MACOSX_DEPLOYMENT_TARGET = 10.13;
				MTL_ENABLE_DEBUG_INFO = NO;
				PRODUCT_BUNDLE_IDENTIFIER = io.taphouse.ExtractorKit;
				PRODUCT_NAME = "$(TARGET_NAME:c99extidentifier)";
				SKIP_INSTALL = YES;
				VERSIONING_SYSTEM = "apple-generic";
				VERSION_INFO_PREFIX = "";
			};
			name = Release;
		};
/* End XCBuildConfiguration section */

/* Begin XCConfigurationList section */
		53719E8A19BF4C6D005D3DE0 /* Build configuration list for PBXProject "BuildSettingExtractor" */ = {
			isa = XCConfigurationList;
			buildConfigurations = (
				53719EBE19BF4C6D005D3DE0 /* Debug */,
				53719EBF19BF4C6D005D3DE0 /* Release */,
			);
			defaultConfigurationIsVisible = 0;
			defaultConfigurationName = Release;
		};
		53719EC019BF4C6D005D3DE0 /* Build configuration list for PBXNativeTarget "BuildSettingExtractor" */ = {
			isa = XCConfigurationList;
			buildConfigurations = (
				53719EC119BF4C6D005D3DE0 /* Debug */,
				53719EC219BF4C6D005D3DE0 /* Release */,
			);
			defaultConfigurationIsVisible = 0;
			defaultConfigurationName = Release;
		};
		53719EC319BF4C6D005D3DE0 /* Build configuration list for PBXNativeTarget "BuildSettingExtractorTests" */ = {
			isa = XCConfigurationList;
			buildConfigurations = (
				53719EC419BF4C6D005D3DE0 /* Debug */,
				53719EC519BF4C6D005D3DE0 /* Release */,
			);
			defaultConfigurationIsVisible = 0;
			defaultConfigurationName = Release;
		};
		936DE9B420A1360000141945 /* Build configuration list for PBXNativeTarget "ExtractorKit" */ = {
			isa = XCConfigurationList;
			buildConfigurations = (
				936DE9B020A1360000141945 /* Debug */,
				936DE9B120A1360000141945 /* Release */,
			);
			defaultConfigurationIsVisible = 0;
			defaultConfigurationName = Release;
		};
/* End XCConfigurationList section */
	};
	rootObject = 53719E8719BF4C6D005D3DE0 /* Project object */;
}
